lockfileVersion: '6.0'

settings:
  autoInstallPeers: true
  excludeLinksFromLockfile: false

dependencies:
  '@marshift/argus':
    specifier: ^1.0.1
    version: 1.0.1

packages:

  /@marshift/argus@1.0.1:
    resolution: {integrity: sha512-iJPCZBvmmwT8I1KDm/lbA9YQHI7QYxnN0XUft5zVJatsd1XjL3mV2Cf5orTX9b77CPoQJjTJqIGul1bfM/Zijg==}
    dev: false
